
Microsoft Visual Studio Solution File, Format Version 12.00
# Visual Studio 15
VisualStudioVersion = 15.0.27703.2026
MinimumVisualStudioVersion = 10.0.40219.1
Project("{FAE04EC0-301F-11D3-BF4B-00C04F79EFBC}") = "SuperAdventure", "SuperAdventure\SuperAdventure.csproj", "{5CC3829D-C969-4842-B072-59406BEEDA01}"
EndProject
Project("{FAE04EC0-301F-11D3-BF4B-00C04F79EFBC}") = "Engine", "Engine\Engine.csproj", "{8F31517F-262C-4F0E-9471-FDE665C45C05}"
EndProject
Global
	GlobalSection(SolutionConfigurationPlatforms) = preSolution
		Debug|Any CPU = Debug|Any CPU
		Release|Any CPU = Release|Any CPU
	EndGlobalSection
	GlobalSection(ProjectConfigurationPlatforms) = postSolution
		{5CC3829D-C969-4842-B072-59406BEEDA01}.Debug|Any CPU.ActiveCfg = Debug|Any CPU
		{5CC3829D-C969-4842-B072-59406BEEDA01}.Debug|Any CPU.Build.0 = Debug|Any CPU
		{5CC3829D-C969-4842-B072-59406BEEDA01}.Release|Any CPU.ActiveCfg = Release|Any CPU
		{5CC3829D-C969-4842-B072-59406BEEDA01}.Release|Any CPU.Build.0 = Release|Any CPU
		{8F31517F-262C-4F0E-9471-FDE665C45C05}.Debug|Any CPU.ActiveCfg = Debug|Any CPU
		{8F31517F-262C-4F0E-9471-FDE665C45C05}.Debug|Any CPU.Build.0 = Debug|Any CPU
		{8F31517F-262C-4F0E-9471-FDE665C45C05}.Release|Any CPU.ActiveCfg = Release|Any CPU
		{8F31517F-262C-4F0E-9471-FDE665C45C05}.Release|Any CPU.Build.0 = Release|Any CPU
	EndGlobalSection
	GlobalSection(SolutionProperties) = preSolution
		HideSolutionNode = FALSE
	EndGlobalSection
	GlobalSection(ExtensibilityGlobals) = postSolution
		SolutionGuid = {69FD2505-9F05-44E0-967E-220DEE8996BF}
	EndGlobalSection
EndGlobal
